
Microsoft Visual Studio Solution File, Format Version 12.00
# Visual Studio Version 17
VisualStudioVersion = 17.1.32228.430
MinimumVisualStudioVersion = 10.0.40219.1
Project("{9A19103F-16F7-4668-BE54-9A1E7A4F7556}") = "Movies.API", "Services\Movies\Movies.API\Movies.API.csproj", "{4E9E6319-7B71-43DB-9F07-63AE55AA9971}"
EndProject
Project("{E53339B2-1760-4266-BCC7-CA923CBCF16C}") = "docker-compose", "docker-compose.dcproj", "{58366047-EED2-4F98-AEA7-38BD7EDD6336}"
EndProject
Project("{9A19103F-16F7-4668-BE54-9A1E7A4F7556}") = "Identity", "Services\Identity\Identity.csproj", "{11B8D71C-A14B-49BE-9FE2-057D6C4A6DC4}"
EndProject
Project("{9A19103F-16F7-4668-BE54-9A1E7A4F7556}") = "Auth", "Common\Auth\Auth.csproj", "{15DE113E-3BF0-4EEE-8F28-8DA2BAA24091}"
EndProject
Project("{2150E333-8FDC-42A3-9474-1A3956D46DE8}") = "Common", "Common", "{FF02D141-4498-40E2-BA5D-7B2AA2152007}"
EndProject
Project("{9A19103F-16F7-4668-BE54-9A1E7A4F7556}") = "Mailer", "Services\Mailer\Mailer.csproj", "{055D77FE-0937-4C50-9327-F721A3936737}"
EndProject
Project("{9A19103F-16F7-4668-BE54-9A1E7A4F7556}") = "EventBus", "Common\EventBus\EventBus.csproj", "{E837F5E9-C1FE-4CBF-A332-6A6D0BB6B9E9}"
EndProject
Project("{2150E333-8FDC-42A3-9474-1A3956D46DE8}") = "Services", "Services", "{B81E4035-8BA6-4F07-A747-EAD0B5C7AF75}"
EndProject
Project("{FAE04EC0-301F-11D3-BF4B-00C04F79EFBC}") = "Screening", "Services\Screening\Screening.csproj", "{99AFF094-57CD-4C3B-ACDB-7D5CD8B519E5}"
EndProject
Project("{2150E333-8FDC-42A3-9474-1A3956D46DE8}") = "ApiGateways", "ApiGateways", "{AF9F6E56-CC98-4772-9CAE-6BE71A296979}"
EndProject
Project("{9A19103F-16F7-4668-BE54-9A1E7A4F7556}") = "WebGateway", "ApiGateways\WebGateway\WebGateway.csproj", "{9780EFA6-E4C3-440F-9647-8FC9D61A29E5}"
EndProject
Project("{9A19103F-16F7-4668-BE54-9A1E7A4F7556}") = "Seeder", "Tools\Seeder\Seeder.csproj", "{D8D306D2-C1DF-4513-B964-CBBC8E574316}"
EndProject
Project("{2150E333-8FDC-42A3-9474-1A3956D46DE8}") = "Tools", "Tools", "{54202728-128B-4AF0-B5D7-0F5322D3F970}"
EndProject
Project("{FAE04EC0-301F-11D3-BF4B-00C04F79EFBC}") = "Review", "Services\Review\Review.csproj", "{126C9F65-5296-492F-91CE-CC185DFA0528}"
EndProject
Global
	GlobalSection(SolutionConfigurationPlatforms) = preSolution
		Debug|Any CPU = Debug|Any CPU
		Release|Any CPU = Release|Any CPU
	EndGlobalSection
	GlobalSection(ProjectConfigurationPlatforms) = postSolution
		{4E9E6319-7B71-43DB-9F07-63AE55AA9971}.Debug|Any CPU.ActiveCfg = Debug|Any CPU
		{4E9E6319-7B71-43DB-9F07-63AE55AA9971}.Debug|Any CPU.Build.0 = Debug|Any CPU
		{4E9E6319-7B71-43DB-9F07-63AE55AA9971}.Release|Any CPU.ActiveCfg = Release|Any CPU
		{4E9E6319-7B71-43DB-9F07-63AE55AA9971}.Release|Any CPU.Build.0 = Release|Any CPU
		{58366047-EED2-4F98-AEA7-38BD7EDD6336}.Debug|Any CPU.ActiveCfg = Debug|Any CPU
		{58366047-EED2-4F98-AEA7-38BD7EDD6336}.Debug|Any CPU.Build.0 = Debug|Any CPU
		{58366047-EED2-4F98-AEA7-38BD7EDD6336}.Release|Any CPU.ActiveCfg = Release|Any CPU
		{58366047-EED2-4F98-AEA7-38BD7EDD6336}.Release|Any CPU.Build.0 = Release|Any CPU
		{11B8D71C-A14B-49BE-9FE2-057D6C4A6DC4}.Debug|Any CPU.ActiveCfg = Debug|Any CPU
		{11B8D71C-A14B-49BE-9FE2-057D6C4A6DC4}.Debug|Any CPU.Build.0 = Debug|Any CPU
		{11B8D71C-A14B-49BE-9FE2-057D6C4A6DC4}.Release|Any CPU.ActiveCfg = Release|Any CPU
		{11B8D71C-A14B-49BE-9FE2-057D6C4A6DC4}.Release|Any CPU.Build.0 = Release|Any CPU
		{15DE113E-3BF0-4EEE-8F28-8DA2BAA24091}.Debug|Any CPU.ActiveCfg = Debug|Any CPU
		{15DE113E-3BF0-4EEE-8F28-8DA2BAA24091}.Debug|Any CPU.Build.0 = Debug|Any CPU
		{15DE113E-3BF0-4EEE-8F28-8DA2BAA24091}.Release|Any CPU.ActiveCfg = Release|Any CPU
		{15DE113E-3BF0-4EEE-8F28-8DA2BAA24091}.Release|Any CPU.Build.0 = Release|Any CPU
		{055D77FE-0937-4C50-9327-F721A3936737}.Debug|Any CPU.ActiveCfg = Debug|Any CPU
		{055D77FE-0937-4C50-9327-F721A3936737}.Debug|Any CPU.Build.0 = Debug|Any CPU
		{055D77FE-0937-4C50-9327-F721A3936737}.Release|Any CPU.ActiveCfg = Release|Any CPU
		{055D77FE-0937-4C50-9327-F721A3936737}.Release|Any CPU.Build.0 = Release|Any CPU
		{E837F5E9-C1FE-4CBF-A332-6A6D0BB6B9E9}.Debug|Any CPU.ActiveCfg = Debug|Any CPU
		{E837F5E9-C1FE-4CBF-A332-6A6D0BB6B9E9}.Debug|Any CPU.Build.0 = Debug|Any CPU
		{E837F5E9-C1FE-4CBF-A332-6A6D0BB6B9E9}.Release|Any CPU.ActiveCfg = Release|Any CPU
		{E837F5E9-C1FE-4CBF-A332-6A6D0BB6B9E9}.Release|Any CPU.Build.0 = Release|Any CPU
		{99AFF094-57CD-4C3B-ACDB-7D5CD8B519E5}.Debug|Any CPU.ActiveCfg = Debug|Any CPU
		{99AFF094-57CD-4C3B-ACDB-7D5CD8B519E5}.Debug|Any CPU.Build.0 = Debug|Any CPU
		{99AFF094-57CD-4C3B-ACDB-7D5CD8B519E5}.Release|Any CPU.ActiveCfg = Release|Any CPU
		{99AFF094-57CD-4C3B-ACDB-7D5CD8B519E5}.Release|Any CPU.Build.0 = Release|Any CPU
		{9780EFA6-E4C3-440F-9647-8FC9D61A29E5}.Debug|Any CPU.ActiveCfg = Debug|Any CPU
		{9780EFA6-E4C3-440F-9647-8FC9D61A29E5}.Debug|Any CPU.Build.0 = Debug|Any CPU
		{9780EFA6-E4C3-440F-9647-8FC9D61A29E5}.Release|Any CPU.ActiveCfg = Release|Any CPU
		{9780EFA6-E4C3-440F-9647-8FC9D61A29E5}.Release|Any CPU.Build.0 = Release|Any CPU
		{126C9F65-5296-492F-91CE-CC185DFA0528}.Debug|Any CPU.ActiveCfg = Debug|Any CPU
		{126C9F65-5296-492F-91CE-CC185DFA0528}.Debug|Any CPU.Build.0 = Debug|Any CPU
		{126C9F65-5296-492F-91CE-CC185DFA0528}.Release|Any CPU.ActiveCfg = Release|Any CPU
		{126C9F65-5296-492F-91CE-CC185DFA0528}.Release|Any CPU.Build.0 = Release|Any CPU
		{D8D306D2-C1DF-4513-B964-CBBC8E574316}.Debug|Any CPU.ActiveCfg = Debug|Any CPU
		{D8D306D2-C1DF-4513-B964-CBBC8E574316}.Debug|Any CPU.Build.0 = Debug|Any CPU
		{D8D306D2-C1DF-4513-B964-CBBC8E574316}.Release|Any CPU.ActiveCfg = Release|Any CPU
		{D8D306D2-C1DF-4513-B964-CBBC8E574316}.Release|Any CPU.Build.0 = Release|Any CPU
	EndGlobalSection
	GlobalSection(SolutionProperties) = preSolution
		HideSolutionNode = FALSE
	EndGlobalSection
	GlobalSection(NestedProjects) = preSolution
		{4E9E6319-7B71-43DB-9F07-63AE55AA9971} = {B81E4035-8BA6-4F07-A747-EAD0B5C7AF75}
		{11B8D71C-A14B-49BE-9FE2-057D6C4A6DC4} = {B81E4035-8BA6-4F07-A747-EAD0B5C7AF75}
		{15DE113E-3BF0-4EEE-8F28-8DA2BAA24091} = {FF02D141-4498-40E2-BA5D-7B2AA2152007}
		{055D77FE-0937-4C50-9327-F721A3936737} = {B81E4035-8BA6-4F07-A747-EAD0B5C7AF75}
		{E837F5E9-C1FE-4CBF-A332-6A6D0BB6B9E9} = {FF02D141-4498-40E2-BA5D-7B2AA2152007}
		{99AFF094-57CD-4C3B-ACDB-7D5CD8B519E5} = {B81E4035-8BA6-4F07-A747-EAD0B5C7AF75}
		{9780EFA6-E4C3-440F-9647-8FC9D61A29E5} = {AF9F6E56-CC98-4772-9CAE-6BE71A296979}
		{126C9F65-5296-492F-91CE-CC185DFA0528} = {B81E4035-8BA6-4F07-A747-EAD0B5C7AF75}
		{D8D306D2-C1DF-4513-B964-CBBC8E574316} = {54202728-128B-4AF0-B5D7-0F5322D3F970}
	EndGlobalSection
	GlobalSection(ExtensibilityGlobals) = postSolution
		SolutionGuid = {20A3AC5B-CB15-4B69-9A95-BDA539EBEFE1}
	EndGlobalSection
EndGlobal
